# THIS IS AN AUTOGENERATED FILE. DO NOT EDIT THIS FILE DIRECTLY.
# yarn lockfile v1


"@electron/get@^2.0.0":
  version "2.0.2"
  resolved "https://registry.yarnpkg.com/@electron/get/-/get-2.0.2.tgz#ae2a967b22075e9c25aaf00d5941cd79c21efd7e"
  dependencies:
    debug "^4.1.1"
    env-paths "^2.2.0"
    fs-extra "^8.1.0"
    got "^11.8.5"
    progress "^2.0.3"
    semver "^6.2.0"
    sumchecker "^3.0.1"
  optionalDependencies:
    global-agent "^3.0.0"

"@sindresorhus/is@^4.0.0":
  version "4.6.0"
  resolved "https://registry.yarnpkg.com/@sindresorhus/is/-/is-4.6.0.tgz#3c7c9c46e678feefe7a2e5bb609d3dbd665ffb3f"

"@szmarczak/http-timer@^4.0.5":
  version "4.0.6"
  resolved "https://registry.yarnpkg.com/@szmarczak/http-timer/-/http-timer-4.0.6.tgz#b4a914bb62e7c272d4e5989fe4440f812ab1d807"
  dependencies:
    defer-to-connect "^2.0.0"

"@types/cacheable-request@^6.0.1":
  version "6.0.3"
  resolved "https://registry.yarnpkg.com/@types/cacheable-request/-/cacheable-request-6.0.3.tgz#a430b3260466ca7b5ca5bfd735693b36e7a9d183"
  dependencies:
    "@types/http-cache-semantics" "*"
    "@types/keyv" "^3.1.4"
    "@types/node" "*"
    "@types/responselike" "^1.0.0"

"@types/http-cache-semantics@*":
  version "4.0.1"
  resolved "https://registry.yarnpkg.com/@types/http-cache-semantics/-/http-cache-semantics-4.0.1.tgz#0ea7b61496902b95890dc4c3a116b60cb8dae812"

"@types/keyv@^3.1.4":
  version "3.1.4"
  resolved "https://registry.yarnpkg.com/@types/keyv/-/keyv-3.1.4.tgz#3ccdb1c6751b0c7e52300bcdacd5bcbf8faa75b6"
  dependencies:
    "@types/node" "*"

"@types/node@*":
  version "18.7.6"
  resolved "https://registry.npmjs.org/@types/node/-/node-18.7.6.tgz"

"@types/node@^16.11.26":
  version "16.11.49"
  resolved "https://registry.npmjs.org/@types/node/-/node-16.11.49.tgz"

"@types/responselike@^1.0.0":
  version "1.0.0"
  resolved "https://registry.yarnpkg.com/@types/responselike/-/responselike-1.0.0.tgz#251f4fe7d154d2bad125abe1b429b23afd262e29"
  dependencies:
    "@types/node" "*"

"@types/yauzl@^2.9.1":
  version "2.10.0"
  resolved "https://registry.npmjs.org/@types/yauzl/-/yauzl-2.10.0.tgz"
  dependencies:
    "@types/node" "*"

agent-base@6:
  version "6.0.2"
  resolved "https://registry.npmjs.org/agent-base/-/agent-base-6.0.2.tgz"
  dependencies:
    debug "4"

arrify@^2.0.0:
  version "2.0.1"
  resolved "https://registry.npmjs.org/arrify/-/arrify-2.0.1.tgz"

base64-js@^1.3.0:
  version "1.5.1"
  resolved "https://registry.npmjs.org/base64-js/-/base64-js-1.5.1.tgz"

bignumber.js@^9.0.0:
  version "9.1.0"
  resolved "https://registry.npmjs.org/bignumber.js/-/bignumber.js-9.1.0.tgz"

boolean@^3.0.1:
  version "3.1.4"
  resolved "https://registry.npmjs.org/boolean/-/boolean-3.1.4.tgz"

bootstrap-css-only@^4.4.1:
  version "4.4.1"
  resolved "https://registry.npmjs.org/bootstrap-css-only/-/bootstrap-css-only-4.4.1.tgz"

bottleneck@^2.19.5:
  version "2.19.5"
  resolved "https://registry.npmjs.org/bottleneck/-/bottleneck-2.19.5.tgz"

buffer-crc32@~0.2.3:
  version "0.2.13"
  resolved "https://registry.npmjs.org/buffer-crc32/-/buffer-crc32-0.2.13.tgz"

buffer-equal-constant-time@1.0.1:
  version "1.0.1"
  resolved "https://registry.npmjs.org/buffer-equal-constant-time/-/buffer-equal-constant-time-1.0.1.tgz"

cacheable-lookup@^5.0.3:
  version "5.0.4"
  resolved "https://registry.yarnpkg.com/cacheable-lookup/-/cacheable-lookup-5.0.4.tgz#5a6b865b2c44357be3d5ebc2a467b032719a7005"

cacheable-request@^7.0.2:
  version "7.0.2"
  resolved "https://registry.yarnpkg.com/cacheable-request/-/cacheable-request-7.0.2.tgz#ea0d0b889364a25854757301ca12b2da77f91d27"
  dependencies:
    clone-response "^1.0.2"
    get-stream "^5.1.0"
    http-cache-semantics "^4.0.0"
    keyv "^4.0.0"
    lowercase-keys "^2.0.0"
    normalize-url "^6.0.1"
    responselike "^2.0.0"

call-bind@^1.0.0:
  version "1.0.2"
  resolved "https://registry.npmjs.org/call-bind/-/call-bind-1.0.2.tgz"
  dependencies:
    function-bind "^1.1.1"
    get-intrinsic "^1.0.2"

clone-response@^1.0.2:
  version "1.0.2"
  resolved "https://registry.npmjs.org/clone-response/-/clone-response-1.0.2.tgz"
  dependencies:
    mimic-response "^1.0.0"

debug@4, debug@^4.1.0, debug@^4.1.1:
  version "4.3.2"
  resolved "https://registry.npmjs.org/debug/-/debug-4.3.2.tgz"
  dependencies:
    ms "2.1.2"

decompress-response@^6.0.0:
  version "6.0.0"
  resolved "https://registry.yarnpkg.com/decompress-response/-/decompress-response-6.0.0.tgz#ca387612ddb7e104bd16d85aab00d5ecf09c66fc"
  dependencies:
    mimic-response "^3.1.0"

defer-to-connect@^2.0.0:
  version "2.0.1"
  resolved "https://registry.yarnpkg.com/defer-to-connect/-/defer-to-connect-2.0.1.tgz#8016bdb4143e4632b77a3449c6236277de520587"

define-properties@^1.1.3:
  version "1.1.3"
  resolved "https://registry.npmjs.org/define-properties/-/define-properties-1.1.3.tgz"
  dependencies:
    object-keys "^1.0.12"

detect-node@^2.0.4:
  version "2.1.0"
  resolved "https://registry.npmjs.org/detect-node/-/detect-node-2.1.0.tgz"

ecdsa-sig-formatter@1.0.11, ecdsa-sig-formatter@^1.0.11:
  version "1.0.11"
  resolved "https://registry.npmjs.org/ecdsa-sig-formatter/-/ecdsa-sig-formatter-1.0.11.tgz"
  dependencies:
    safe-buffer "^5.0.1"

electron@^23.1.2:
  version "23.1.2"
  resolved "https://registry.yarnpkg.com/electron/-/electron-23.1.2.tgz#f03e361c94f8dd2407963b5461d19aadea335316"
  dependencies:
    "@electron/get" "^2.0.0"
    "@types/node" "^16.11.26"
    extract-zip "^2.0.1"

end-of-stream@^1.1.0:
  version "1.4.4"
  resolved "https://registry.npmjs.org/end-of-stream/-/end-of-stream-1.4.4.tgz"
  dependencies:
    once "^1.4.0"

env-paths@^2.2.0:
  version "2.2.1"
  resolved "https://registry.npmjs.org/env-paths/-/env-paths-2.2.1.tgz"

es6-error@^4.1.1:
  version "4.1.1"
  resolved "https://registry.npmjs.org/es6-error/-/es6-error-4.1.1.tgz"

escape-string-regexp@^4.0.0:
  version "4.0.0"
  resolved "https://registry.npmjs.org/escape-string-regexp/-/escape-string-regexp-4.0.0.tgz"

extend@^3.0.2:
  version "3.0.2"
  resolved "https://registry.npmjs.org/extend/-/extend-3.0.2.tgz"

extract-zip@^2.0.1:
  version "2.0.1"
  resolved "https://registry.npmjs.org/extract-zip/-/extract-zip-2.0.1.tgz"
  dependencies:
    debug "^4.1.1"
    get-stream "^5.1.0"
    yauzl "^2.10.0"
  optionalDependencies:
    "@types/yauzl" "^2.9.1"

fast-text-encoding@^1.0.0:
  version "1.0.4"
  resolved "https://registry.npmjs.org/fast-text-encoding/-/fast-text-encoding-1.0.4.tgz"

fd-slicer@~1.1.0:
  version "1.1.0"
  resolved "https://registry.npmjs.org/fd-slicer/-/fd-slicer-1.1.0.tgz"
  dependencies:
    pend "~1.2.0"

fs-extra@^8.1.0:
  version "8.1.0"
  resolved "https://registry.npmjs.org/fs-extra/-/fs-extra-8.1.0.tgz"
  dependencies:
    graceful-fs "^4.2.0"
    jsonfile "^4.0.0"
    universalify "^0.1.0"

function-bind@^1.1.1:
  version "1.1.1"
  resolved "https://registry.npmjs.org/function-bind/-/function-bind-1.1.1.tgz"

gaxios@^5.0.0, gaxios@^5.0.1:
  version "5.0.1"
  resolved "https://registry.npmjs.org/gaxios/-/gaxios-5.0.1.tgz"
  dependencies:
    extend "^3.0.2"
    https-proxy-agent "^5.0.0"
    is-stream "^2.0.0"
    node-fetch "^2.6.7"

gcp-metadata@^5.0.0:
  version "5.0.0"
  resolved "https://registry.npmjs.org/gcp-metadata/-/gcp-metadata-5.0.0.tgz"
  dependencies:
    gaxios "^5.0.0"
    json-bigint "^1.0.0"

get-intrinsic@^1.0.2:
  version "1.1.2"
  resolved "https://registry.npmjs.org/get-intrinsic/-/get-intrinsic-1.1.2.tgz"
  dependencies:
    function-bind "^1.1.1"
    has "^1.0.3"
    has-symbols "^1.0.3"

get-stream@^5.1.0:
  version "5.2.0"
  resolved "https://registry.npmjs.org/get-stream/-/get-stream-5.2.0.tgz"
  dependencies:
    pump "^3.0.0"

global-agent@^3.0.0:
  version "3.0.0"
  resolved "https://registry.npmjs.org/global-agent/-/global-agent-3.0.0.tgz"
  dependencies:
    boolean "^3.0.1"
    es6-error "^4.1.1"
    matcher "^3.0.0"
    roarr "^2.15.3"
    semver "^7.3.2"
    serialize-error "^7.0.1"

globalthis@^1.0.1:
  version "1.0.2"
  resolved "https://registry.npmjs.org/globalthis/-/globalthis-1.0.2.tgz"
  dependencies:
    define-properties "^1.1.3"

google-auth-library@^8.0.2:
  version "8.3.0"
  resolved "https://registry.npmjs.org/google-auth-library/-/google-auth-library-8.3.0.tgz"
  dependencies:
    arrify "^2.0.0"
    base64-js "^1.3.0"
    ecdsa-sig-formatter "^1.0.11"
    fast-text-encoding "^1.0.0"
    gaxios "^5.0.0"
    gcp-metadata "^5.0.0"
    gtoken "^6.0.0"
    jws "^4.0.0"
    lru-cache "^6.0.0"

google-p12-pem@^4.0.0:
  version "4.0.0"
  resolved "https://registry.npmjs.org/google-p12-pem/-/google-p12-pem-4.0.0.tgz"
  dependencies:
    node-forge "^1.3.1"

googleapis-common@^6.0.0:
  version "6.0.1"
  resolved "https://registry.npmjs.org/googleapis-common/-/googleapis-common-6.0.1.tgz"
  dependencies:
    extend "^3.0.2"
    gaxios "^5.0.1"
    google-auth-library "^8.0.2"
    qs "^6.7.0"
    url-template "^2.0.8"
    uuid "^8.0.0"

googleapis@^107.0.0:
  version "107.0.0"
  resolved "https://registry.npmjs.org/googleapis/-/googleapis-107.0.0.tgz"
  dependencies:
    google-auth-library "^8.0.2"
    googleapis-common "^6.0.0"

got@^11.8.5:
  version "11.8.6"
  resolved "https://registry.yarnpkg.com/got/-/got-11.8.6.tgz#276e827ead8772eddbcfc97170590b841823233a"
  dependencies:
    "@sindresorhus/is" "^4.0.0"
    "@szmarczak/http-timer" "^4.0.5"
    "@types/cacheable-request" "^6.0.1"
    "@types/responselike" "^1.0.0"
    cacheable-lookup "^5.0.3"
    cacheable-request "^7.0.2"
    decompress-response "^6.0.0"
    http2-wrapper "^1.0.0-beta.5.2"
    lowercase-keys "^2.0.0"
    p-cancelable "^2.0.0"
    responselike "^2.0.0"

graceful-fs@^4.1.6, graceful-fs@^4.2.0:
  version "4.2.8"
  resolved "https://registry.npmjs.org/graceful-fs/-/graceful-fs-4.2.8.tgz"

gtoken@^6.0.0:
  version "6.1.1"
  resolved "https://registry.npmjs.org/gtoken/-/gtoken-6.1.1.tgz"
  dependencies:
    gaxios "^5.0.1"
    google-p12-pem "^4.0.0"
    jws "^4.0.0"

has-symbols@^1.0.3:
  version "1.0.3"
  resolved "https://registry.npmjs.org/has-symbols/-/has-symbols-1.0.3.tgz"

has@^1.0.3:
  version "1.0.3"
  resolved "https://registry.npmjs.org/has/-/has-1.0.3.tgz"
  dependencies:
    function-bind "^1.1.1"

http-cache-semantics@^4.0.0:
  version "4.1.0"
  resolved "https://registry.npmjs.org/http-cache-semantics/-/http-cache-semantics-4.1.0.tgz"

http2-wrapper@^1.0.0-beta.5.2:
  version "1.0.3"
  resolved "https://registry.yarnpkg.com/http2-wrapper/-/http2-wrapper-1.0.3.tgz#b8f55e0c1f25d4ebd08b3b0c2c079f9590800b3d"
  dependencies:
    quick-lru "^5.1.1"
    resolve-alpn "^1.0.0"

https-proxy-agent@^5.0.0:
  version "5.0.1"
  resolved "https://registry.npmjs.org/https-proxy-agent/-/https-proxy-agent-5.0.1.tgz"
  dependencies:
    agent-base "6"
    debug "4"

is-stream@^2.0.0:
  version "2.0.1"
  resolved "https://registry.npmjs.org/is-stream/-/is-stream-2.0.1.tgz"

json-bigint@^1.0.0:
  version "1.0.0"
  resolved "https://registry.npmjs.org/json-bigint/-/json-bigint-1.0.0.tgz"
  dependencies:
    bignumber.js "^9.0.0"

json-buffer@3.0.1:
  version "3.0.1"
  resolved "https://registry.yarnpkg.com/json-buffer/-/json-buffer-3.0.1.tgz#9338802a30d3b6605fbe0613e094008ca8c05a13"

json-stringify-safe@^5.0.1:
  version "5.0.1"
  resolved "https://registry.npmjs.org/json-stringify-safe/-/json-stringify-safe-5.0.1.tgz"

jsonfile@^4.0.0:
  version "4.0.0"
  resolved "https://registry.npmjs.org/jsonfile/-/jsonfile-4.0.0.tgz"
  optionalDependencies:
    graceful-fs "^4.1.6"

jwa@^2.0.0:
  version "2.0.0"
  resolved "https://registry.npmjs.org/jwa/-/jwa-2.0.0.tgz"
  dependencies:
    buffer-equal-constant-time "1.0.1"
    ecdsa-sig-formatter "1.0.11"
    safe-buffer "^5.0.1"

jws@^4.0.0:
  version "4.0.0"
  resolved "https://registry.npmjs.org/jws/-/jws-4.0.0.tgz"
  dependencies:
    jwa "^2.0.0"
    safe-buffer "^5.0.1"

keyv@^4.0.0:
  version "4.5.2"
  resolved "https://registry.yarnpkg.com/keyv/-/keyv-4.5.2.tgz#0e310ce73bf7851ec702f2eaf46ec4e3805cce56"
  dependencies:
    json-buffer "3.0.1"

lowercase-keys@^2.0.0:
  version "2.0.0"
  resolved "https://registry.npmjs.org/lowercase-keys/-/lowercase-keys-2.0.0.tgz"

lru-cache@^6.0.0:
  version "6.0.0"
  resolved "https://registry.npmjs.org/lru-cache/-/lru-cache-6.0.0.tgz"
  dependencies:
    yallist "^4.0.0"

matcher@^3.0.0:
  version "3.0.0"
  resolved "https://registry.npmjs.org/matcher/-/matcher-3.0.0.tgz"
  dependencies:
    escape-string-regexp "^4.0.0"

mimic-response@^1.0.0:
  version "1.0.1"
  resolved "https://registry.npmjs.org/mimic-response/-/mimic-response-1.0.1.tgz"

mimic-response@^3.1.0:
  version "3.1.0"
  resolved "https://registry.yarnpkg.com/mimic-response/-/mimic-response-3.1.0.tgz#2d1d59af9c1b129815accc2c46a022a5ce1fa3c9"

ms@2.1.2:
  version "2.1.2"
  resolved "https://registry.npmjs.org/ms/-/ms-2.1.2.tgz"

node-fetch@^2.6.7:
  version "2.6.7"
  resolved "https://registry.npmjs.org/node-fetch/-/node-fetch-2.6.7.tgz"
  dependencies:
    whatwg-url "^5.0.0"

node-forge@^1.3.1:
  version "1.3.1"
  resolved "https://registry.npmjs.org/node-forge/-/node-forge-1.3.1.tgz"

normalize-url@^6.0.1:
  version "6.1.0"
  resolved "https://registry.yarnpkg.com/normalize-url/-/normalize-url-6.1.0.tgz#40d0885b535deffe3f3147bec877d05fe4c5668a"

object-inspect@^1.9.0:
  version "1.12.2"
  resolved "https://registry.npmjs.org/object-inspect/-/object-inspect-1.12.2.tgz"

object-keys@^1.0.12:
  version "1.1.1"
  resolved "https://registry.npmjs.org/object-keys/-/object-keys-1.1.1.tgz"

once@^1.3.1, once@^1.4.0:
  version "1.4.0"
  resolved "https://registry.npmjs.org/once/-/once-1.4.0.tgz"
  dependencies:
    wrappy "1"

p-cancelable@^2.0.0:
  version "2.1.1"
  resolved "https://registry.yarnpkg.com/p-cancelable/-/p-cancelable-2.1.1.tgz#aab7fbd416582fa32a3db49859c122487c5ed2cf"

pend@~1.2.0:
  version "1.2.0"
  resolved "https://registry.npmjs.org/pend/-/pend-1.2.0.tgz"

progress@^2.0.3:
  version "2.0.3"
  resolved "https://registry.npmjs.org/progress/-/progress-2.0.3.tgz"

pump@^3.0.0:
  version "3.0.0"
  resolved "https://registry.npmjs.org/pump/-/pump-3.0.0.tgz"
  dependencies:
    end-of-stream "^1.1.0"
    once "^1.3.1"

qs@^6.7.0:
  version "6.11.0"
  resolved "https://registry.npmjs.org/qs/-/qs-6.11.0.tgz"
  dependencies:
    side-channel "^1.0.4"

quick-lru@^5.1.1:
  version "5.1.1"
  resolved "https://registry.yarnpkg.com/quick-lru/-/quick-lru-5.1.1.tgz#366493e6b3e42a3a6885e2e99d18f80fb7a8c932"

resolve-alpn@^1.0.0:
  version "1.2.1"
  resolved "https://registry.yarnpkg.com/resolve-alpn/-/resolve-alpn-1.2.1.tgz#b7adbdac3546aaaec20b45e7d8265927072726f9"

responselike@^2.0.0:
  version "2.0.1"
  resolved "https://registry.yarnpkg.com/responselike/-/responselike-2.0.1.tgz#9a0bc8fdc252f3fb1cca68b016591059ba1422bc"
  dependencies:
    lowercase-keys "^2.0.0"

roarr@^2.15.3:
  version "2.15.4"
  resolved "https://registry.npmjs.org/roarr/-/roarr-2.15.4.tgz"
  dependencies:
    boolean "^3.0.1"
    detect-node "^2.0.4"
    globalthis "^1.0.1"
    json-stringify-safe "^5.0.1"
    semver-compare "^1.0.0"
    sprintf-js "^1.1.2"

safe-buffer@^5.0.1:
  version "5.2.1"
  resolved "https://registry.npmjs.org/safe-buffer/-/safe-buffer-5.2.1.tgz"

semver-compare@^1.0.0:
  version "1.0.0"
  resolved "https://registry.npmjs.org/semver-compare/-/semver-compare-1.0.0.tgz"

semver@^6.2.0:
  version "6.3.0"
  resolved "https://registry.npmjs.org/semver/-/semver-6.3.0.tgz"

semver@^7.3.2:
  version "7.3.5"
  resolved "https://registry.npmjs.org/semver/-/semver-7.3.5.tgz"
  dependencies:
    lru-cache "^6.0.0"

serialize-error@^7.0.1:
  version "7.0.1"
  resolved "https://registry.npmjs.org/serialize-error/-/serialize-error-7.0.1.tgz"
  dependencies:
    type-fest "^0.13.1"

side-channel@^1.0.4:
  version "1.0.4"
  resolved "https://registry.npmjs.org/side-channel/-/side-channel-1.0.4.tgz"
  dependencies:
    call-bind "^1.0.0"
    get-intrinsic "^1.0.2"
    object-inspect "^1.9.0"

sprintf-js@^1.1.2:
  version "1.1.2"
  resolved "https://registry.npmjs.org/sprintf-js/-/sprintf-js-1.1.2.tgz"

sumchecker@^3.0.1:
  version "3.0.1"
  resolved "https://registry.npmjs.org/sumchecker/-/sumchecker-3.0.1.tgz"
  dependencies:
    debug "^4.1.0"

tr46@~0.0.3:
  version "0.0.3"
  resolved "https://registry.npmjs.org/tr46/-/tr46-0.0.3.tgz"

type-fest@^0.13.1:
  version "0.13.1"
  resolved "https://registry.npmjs.org/type-fest/-/type-fest-0.13.1.tgz"

universalify@^0.1.0:
  version "0.1.2"
  resolved "https://registry.npmjs.org/universalify/-/universalify-0.1.2.tgz"

url-template@^2.0.8:
  version "2.0.8"
  resolved "https://registry.npmjs.org/url-template/-/url-template-2.0.8.tgz"

uuid@^8.0.0:
  version "8.3.2"
  resolved "https://registry.npmjs.org/uuid/-/uuid-8.3.2.tgz"

webidl-conversions@^3.0.0:
  version "3.0.1"
  resolved "https://registry.npmjs.org/webidl-conversions/-/webidl-conversions-3.0.1.tgz"

whatwg-url@^5.0.0:
  version "5.0.0"
  resolved "https://registry.npmjs.org/whatwg-url/-/whatwg-url-5.0.0.tgz"
  dependencies:
    tr46 "~0.0.3"
    webidl-conversions "^3.0.0"

wrappy@1:
  version "1.0.2"
  resolved "https://registry.npmjs.org/wrappy/-/wrappy-1.0.2.tgz"

yallist@^4.0.0:
  version "4.0.0"
  resolved "https://registry.npmjs.org/yallist/-/yallist-4.0.0.tgz"

yauzl@^2.10.0:
  version "2.10.0"
  resolved "https://registry.npmjs.org/yauzl/-/yauzl-2.10.0.tgz"
  dependencies:
    buffer-crc32 "~0.2.3"
    fd-slicer "~1.1.0"
